
Microsoft Visual Studio Solution File, Format Version 12.00
# Visual Studio 2015
Project("{FAE04EC0-301F-11D3-BF4B-00C04F79EFBC}") = "team-meme.CSharp", "team-meme.CSharp.csproj", "{DAC30BA5-1AD3-632C-E3CE-0AB044C8138F}"
EndProject
Global
	GlobalSection(SolutionConfigurationPlatforms) = preSolution
		Debug|Any CPU = Debug|Any CPU
		Release|Any CPU = Release|Any CPU
	EndGlobalSection
	GlobalSection(ProjectConfigurationPlatforms) = postSolution
		{DAC30BA5-1AD3-632C-E3CE-0AB044C8138F}.Debug|Any CPU.ActiveCfg = Debug|Any CPU
		{DAC30BA5-1AD3-632C-E3CE-0AB044C8138F}.Debug|Any CPU.Build.0 = Debug|Any CPU
		{DAC30BA5-1AD3-632C-E3CE-0AB044C8138F}.Release|Any CPU.ActiveCfg = Release|Any CPU
		{DAC30BA5-1AD3-632C-E3CE-0AB044C8138F}.Release|Any CPU.Build.0 = Release|Any CPU
	EndGlobalSection
	GlobalSection(SolutionProperties) = preSolution
		HideSolutionNode = FALSE
	EndGlobalSection
EndGlobal
